
Microsoft Visual Studio Solution File, Format Version 12.00
# Visual Studio Version 16
VisualStudioVersion = 16.0.30406.217
MinimumVisualStudioVersion = 10.0.40219.1
Project("{FAE04EC0-301F-11D3-BF4B-00C04F79EFBC}") = "AdoazonositoJel", "AdoazonositoJel\AdoazonositoJel.csproj", "{30FC1DAD-9896-42ED-80CC-B3C15ABE1EE4}"
EndProject
Global
	GlobalSection(SolutionConfigurationPlatforms) = preSolution
		Debug|Any CPU = Debug|Any CPU
		Release|Any CPU = Release|Any CPU
	EndGlobalSection
	GlobalSection(ProjectConfigurationPlatforms) = postSolution
		{30FC1DAD-9896-42ED-80CC-B3C15ABE1EE4}.Debug|Any CPU.ActiveCfg = Debug|Any CPU
		{30FC1DAD-9896-42ED-80CC-B3C15ABE1EE4}.Debug|Any CPU.Build.0 = Debug|Any CPU
		{30FC1DAD-9896-42ED-80CC-B3C15ABE1EE4}.Release|Any CPU.ActiveCfg = Release|Any CPU
		{30FC1DAD-9896-42ED-80CC-B3C15ABE1EE4}.Release|Any CPU.Build.0 = Release|Any CPU
	EndGlobalSection
	GlobalSection(SolutionProperties) = preSolution
		HideSolutionNode = FALSE
	EndGlobalSection
	GlobalSection(ExtensibilityGlobals) = postSolution
		SolutionGuid = {EE47CF8E-3F1A-402B-8648-64CF9E2C0335}
	EndGlobalSection
EndGlobal
