
Microsoft Visual Studio Solution File, Format Version 12.00
# Visual Studio Version 16
VisualStudioVersion = 16.0.30406.217
MinimumVisualStudioVersion = 10.0.40219.1
Project("{FAE04EC0-301F-11D3-BF4B-00C04F79EFBC}") = "branch-teszt-master222222", "branch-teszt-master222222\branch-teszt-master222222.csproj", "{132295CB-DDD0-44D9-BB85-3BFB54CAA15A}"
EndProject
Global
	GlobalSection(SolutionConfigurationPlatforms) = preSolution
		Debug|Any CPU = Debug|Any CPU
		Release|Any CPU = Release|Any CPU
	EndGlobalSection
	GlobalSection(ProjectConfigurationPlatforms) = postSolution
		{132295CB-DDD0-44D9-BB85-3BFB54CAA15A}.Debug|Any CPU.ActiveCfg = Debug|Any CPU
		{132295CB-DDD0-44D9-BB85-3BFB54CAA15A}.Debug|Any CPU.Build.0 = Debug|Any CPU
		{132295CB-DDD0-44D9-BB85-3BFB54CAA15A}.Release|Any CPU.ActiveCfg = Release|Any CPU
		{132295CB-DDD0-44D9-BB85-3BFB54CAA15A}.Release|Any CPU.Build.0 = Release|Any CPU
	EndGlobalSection
	GlobalSection(SolutionProperties) = preSolution
		HideSolutionNode = FALSE
	EndGlobalSection
	GlobalSection(ExtensibilityGlobals) = postSolution
		SolutionGuid = {1CD39AC7-70FF-4645-B36D-1C1630D931B8}
	EndGlobalSection
EndGlobal
